// !$*UTF8*$!
{
	archiveVersion = 1;
	classes = {
	};
	objectVersion = 50;
	objects = {

/* Begin PBXBuildFile section */
		840322C22689E4D700BE5349 /* PlaceCell.swift in Sources */ = {isa = PBXBuildFile; fileRef = 840322C12689E4D700BE5349 /* PlaceCell.swift */; };
		840322C72689EBAC00BE5349 /* Place.swift in Sources */ = {isa = PBXBuildFile; fileRef = 840322C62689EBAC00BE5349 /* Place.swift */; };
		84577122268518C000DB6638 /* AppDelegate.swift in Sources */ = {isa = PBXBuildFile; fileRef = 84577121268518C000DB6638 /* AppDelegate.swift */; };
		84577124268518C000DB6638 /* SceneDelegate.swift in Sources */ = {isa = PBXBuildFile; fileRef = 84577123268518C000DB6638 /* SceneDelegate.swift */; };
		84577126268518C000DB6638 /* LoginScreenViewController.swift in Sources */ = {isa = PBXBuildFile; fileRef = 84577125268518C000DB6638 /* LoginScreenViewController.swift */; };
		84577129268518C000DB6638 /* Main.storyboard in Resources */ = {isa = PBXBuildFile; fileRef = 84577127268518C000DB6638 /* Main.storyboard */; };
		8457712B268518C300DB6638 /* Assets.xcassets in Resources */ = {isa = PBXBuildFile; fileRef = 8457712A268518C300DB6638 /* Assets.xcassets */; };
		8457712E268518C300DB6638 /* LaunchScreen.storyboard in Resources */ = {isa = PBXBuildFile; fileRef = 8457712C268518C300DB6638 /* LaunchScreen.storyboard */; };
		8457713926851F0300DB6638 /* MapKit.framework in Frameworks */ = {isa = PBXBuildFile; fileRef = 8457713826851F0300DB6638 /* MapKit.framework */; };
		8457713C2685230D00DB6638 /* MapScreenViewController.swift in Sources */ = {isa = PBXBuildFile; fileRef = 8457713B2685230D00DB6638 /* MapScreenViewController.swift */; };
/* End PBXBuildFile section */

/* Begin PBXFileReference section */
		840322C12689E4D700BE5349 /* PlaceCell.swift */ = {isa = PBXFileReference; lastKnownFileType = sourcecode.swift; path = PlaceCell.swift; sourceTree = "<group>"; };
		840322C62689EBAC00BE5349 /* Place.swift */ = {isa = PBXFileReference; lastKnownFileType = sourcecode.swift; path = Place.swift; sourceTree = "<group>"; };
		8457711E268518C000DB6638 /* Test_VertageLab.app */ = {isa = PBXFileReference; explicitFileType = wrapper.application; includeInIndex = 0; path = Test_VertageLab.app; sourceTree = BUILT_PRODUCTS_DIR; };
		84577121268518C000DB6638 /* AppDelegate.swift */ = {isa = PBXFileReference; lastKnownFileType = sourcecode.swift; path = AppDelegate.swift; sourceTree = "<group>"; };
		84577123268518C000DB6638 /* SceneDelegate.swift */ = {isa = PBXFileReference; lastKnownFileType = sourcecode.swift; path = SceneDelegate.swift; sourceTree = "<group>"; };
		84577125268518C000DB6638 /* LoginScreenViewController.swift */ = {isa = PBXFileReference; lastKnownFileType = sourcecode.swift; path = LoginScreenViewController.swift; sourceTree = "<group>"; };
		84577128268518C000DB6638 /* Base */ = {isa = PBXFileReference; lastKnownFileType = file.storyboard; name = Base; path = Base.lproj/Main.storyboard; sourceTree = "<group>"; };
		8457712A268518C300DB6638 /* Assets.xcassets */ = {isa = PBXFileReference; lastKnownFileType = folder.assetcatalog; path = Assets.xcassets; sourceTree = "<group>"; };
		8457712D268518C300DB6638 /* Base */ = {isa = PBXFileReference; lastKnownFileType = file.storyboard; name = Base; path = Base.lproj/LaunchScreen.storyboard; sourceTree = "<group>"; };
		8457712F268518C300DB6638 /* Info.plist */ = {isa = PBXFileReference; lastKnownFileType = text.plist.xml; path = Info.plist; sourceTree = "<group>"; };
		8457713826851F0300DB6638 /* MapKit.framework */ = {isa = PBXFileReference; lastKnownFileType = wrapper.framework; name = MapKit.framework; path = System/Library/Frameworks/MapKit.framework; sourceTree = SDKROOT; };
		8457713B2685230D00DB6638 /* MapScreenViewController.swift */ = {isa = PBXFileReference; lastKnownFileType = sourcecode.swift; path = MapScreenViewController.swift; sourceTree = "<group>"; };
/* End PBXFileReference section */

/* Begin PBXFrameworksBuildPhase section */
		8457711B268518C000DB6638 /* Frameworks */ = {
			isa = PBXFrameworksBuildPhase;
			buildActionMask = 2147483647;
			files = (
				8457713926851F0300DB6638 /* MapKit.framework in Frameworks */,
			);
			runOnlyForDeploymentPostprocessing = 0;
		};
/* End PBXFrameworksBuildPhase section */

/* Begin PBXGroup section */
		84577115268518C000DB6638 = {
			isa = PBXGroup;
			children = (
				84577120268518C000DB6638 /* Test */,
				8457711F268518C000DB6638 /* Products */,
				8457713726851F0300DB6638 /* Frameworks */,
			);
			sourceTree = "<group>";
		};
		8457711F268518C000DB6638 /* Products */ = {
			isa = PBXGroup;
			children = (
				8457711E268518C000DB6638 /* Test_VertageLab.app */,
			);
			name = Products;
			sourceTree = "<group>";
		};
		84577120268518C000DB6638 /* Test */ = {
			isa = PBXGroup;
			children = (
				84577121268518C000DB6638 /* AppDelegate.swift */,
				84577123268518C000DB6638 /* SceneDelegate.swift */,
				840322C12689E4D700BE5349 /* PlaceCell.swift */,
				840322C62689EBAC00BE5349 /* Place.swift */,
				84577125268518C000DB6638 /* LoginScreenViewController.swift */,
				8457713B2685230D00DB6638 /* MapScreenViewController.swift */,
				84577127268518C000DB6638 /* Main.storyboard */,
				8457712A268518C300DB6638 /* Assets.xcassets */,
				8457712C268518C300DB6638 /* LaunchScreen.storyboard */,
				8457712F268518C300DB6638 /* Info.plist */,
			);
			path = Test;
			sourceTree = "<group>";
		};
		8457713726851F0300DB6638 /* Frameworks */ = {
			isa = PBXGroup;
			children = (
				8457713826851F0300DB6638 /* MapKit.framework */,
			);
			name = Frameworks;
			sourceTree = "<group>";
		};
/* End PBXGroup section */

/* Begin PBXNativeTarget section */
		8457711D268518C000DB6638 /* Test_VertageLab */ = {
			isa = PBXNativeTarget;
			buildConfigurationList = 84577132268518C300DB6638 /* Build configuration list for PBXNativeTarget "Test_VertageLab" */;
			buildPhases = (
				8457711A268518C000DB6638 /* Sources */,
				8457711B268518C000DB6638 /* Frameworks */,
				8457711C268518C000DB6638 /* Resources */,
			);
			buildRules = (
			);
			dependencies = (
			);
			name = Test_VertageLab;
			productName = Test_VertageLab;
			productReference = 8457711E268518C000DB6638 /* Test_VertageLab.app */;
			productType = "com.apple.product-type.application";
		};
/* End PBXNativeTarget section */

/* Begin PBXProject section */
		84577116268518C000DB6638 /* Project object */ = {
			isa = PBXProject;
			attributes = {
				LastSwiftUpdateCheck = 1240;
				LastUpgradeCheck = 1240;
				TargetAttributes = {
					8457711D268518C000DB6638 = {
						CreatedOnToolsVersion = 12.4;
					};
				};
			};
			buildConfigurationList = 84577119268518C000DB6638 /* Build configuration list for PBXProject "Test" */;
			compatibilityVersion = "Xcode 9.3";
			developmentRegion = en;
			hasScannedForEncodings = 0;
			knownRegions = (
				en,
				Base,
			);
			mainGroup = 84577115268518C000DB6638;
			productRefGroup = 8457711F268518C000DB6638 /* Products */;
			projectDirPath = "";
			projectRoot = "";
			targets = (
				8457711D268518C000DB6638 /* Test_VertageLab */,
			);
		};
/* End PBXProject section */

/* Begin PBXResourcesBuildPhase section */
		8457711C268518C000DB6638 /* Resources */ = {
			isa = PBXResourcesBuildPhase;
			buildActionMask = 2147483647;
			files = (
				8457712E268518C300DB6638 /* LaunchScreen.storyboard in Resources */,
				8457712B268518C300DB6638 /* Assets.xcassets in Resources */,
				84577129268518C000DB6638 /* Main.storyboard in Resources */,
			);
			runOnlyForDeploymentPostprocessing = 0;
		};
/* End PBXResourcesBuildPhase section */

/* Begin PBXSourcesBuildPhase section */
		8457711A268518C000DB6638 /* Sources */ = {
			isa = PBXSourcesBuildPhase;
			buildActionMask = 2147483647;
			files = (
				84577126268518C000DB6638 /* LoginScreenViewController.swift in Sources */,
				8457713C2685230D00DB6638 /* MapScreenViewController.swift in Sources */,
				84577122268518C000DB6638 /* AppDelegate.swift in Sources */,
				840322C72689EBAC00BE5349 /* Place.swift in Sources */,
				84577124268518C000DB6638 /* SceneDelegate.swift in Sources */,
				840322C22689E4D700BE5349 /* PlaceCell.swift in Sources */,
			);
			runOnlyForDeploymentPostprocessing = 0;
		};
/* End PBXSourcesBuildPhase section */

/* Begin PBXVariantGroup section */
		84577127268518C000DB6638 /* Main.storyboard */ = {
			isa = PBXVariantGroup;
			children = (
				84577128268518C000DB6638 /* Base */,
			);
			name = Main.storyboard;
			sourceTree = "<group>";
		};
		8457712C268518C300DB6638 /* LaunchScreen.storyboard */ = {
			isa = PBXVariantGroup;
			children = (
				8457712D268518C300DB6638 /* Base */,
			);
			name = LaunchScreen.storyboard;
			sourceTree = "<group>";
		};
/* End PBXVariantGroup section */

/* Begin XCBuildConfiguration section */
		84577130268518C300DB6638 /* Debug */ = {
			isa = XCBuildConfiguration;
			buildSettings = {
				ALWAYS_SEARCH_USER_PATHS = NO;
				CLANG_ANALYZER_NONNULL = YES;
				CLANG_ANALYZER_NUMBER_OBJECT_CONVERSION = YES_AGGRESSIVE;
				CLANG_CXX_LANGUAGE_STANDARD = "gnu++14";
				CLANG_CXX_LIBRARY = "libc++";
				CLANG_ENABLE_MODULES = YES;
				CLANG_ENABLE_OBJC_ARC = YES;
				CLANG_ENABLE_OBJC_WEAK = YES;
				CLANG_WARN_BLOCK_CAPTURE_AUTORELEASING = YES;
				CLANG_WARN_BOOL_CONVERSION = YES;
				CLANG_WARN_COMMA = YES;
				CLANG_WARN_CONSTANT_CONVERSION = YES;
				CLANG_WARN_DEPRECATED_OBJC_IMPLEMENTATIONS = YES;
				CLANG_WARN_DIRECT_OBJC_ISA_USAGE = YES_ERROR;
				CLANG_WARN_DOCUMENTATION_COMMENTS = YES;
				CLANG_WARN_EMPTY_BODY = YES;
				CLANG_WARN_ENUM_CONVERSION = YES;
				CLANG_WARN_INFINITE_RECURSION = YES;
				CLANG_WARN_INT_CONVERSION = YES;
				CLANG_WARN_NON_LITERAL_NULL_CONVERSION = YES;
				CLANG_WARN_OBJC_IMPLICIT_RETAIN_SELF = YES;
				CLANG_WARN_OBJC_LITERAL_CONVERSION = YES;
				CLANG_WARN_OBJC_ROOT_CLASS = YES_ERROR;
				CLANG_WARN_QUOTED_INCLUDE_IN_FRAMEWORK_HEADER = YES;
				CLANG_WARN_RANGE_LOOP_ANALYSIS = YES;
				CLANG_WARN_STRICT_PROTOTYPES = YES;
				CLANG_WARN_SUSPICIOUS_MOVE = YES;
				CLANG_WARN_UNGUARDED_AVAILABILITY = YES_AGGRESSIVE;
				CLANG_WARN_UNREACHABLE_CODE = YES;
				CLANG_WARN__DUPLICATE_METHOD_MATCH = YES;
				COPY_PHASE_STRIP = NO;
				DEBUG_INFORMATION_FORMAT = dwarf;
				ENABLE_STRICT_OBJC_MSGSEND = YES;
				ENABLE_TESTABILITY = YES;
				GCC_C_LANGUAGE_STANDARD = gnu11;
				GCC_DYNAMIC_NO_PIC = NO;
				GCC_NO_COMMON_BLOCKS = YES;
				GCC_OPTIMIZATION_LEVEL = 0;
				GCC_PREPROCESSOR_DEFINITIONS = (
					"DEBUG=1",
					"$(inherited)",
				);
				GCC_WARN_64_TO_32_BIT_CONVERSION = YES;
				GCC_WARN_ABOUT_RETURN_TYPE = YES_ERROR;
				GCC_WARN_UNDECLARED_SELECTOR = YES;
				GCC_WARN_UNINITIALIZED_AUTOS = YES_AGGRESSIVE;
				GCC_WARN_UNUSED_FUNCTION = YES;
				GCC_WARN_UNUSED_VARIABLE = YES;
				IPHONEOS_DEPLOYMENT_TARGET = 14.4;
				MTL_ENABLE_DEBUG_INFO = INCLUDE_SOURCE;
				MTL_FAST_MATH = YES;
				ONLY_ACTIVE_ARCH = YES;
				SDKROOT = iphoneos;
				SWIFT_ACTIVE_COMPILATION_CONDITIONS = DEBUG;
				SWIFT_OPTIMIZATION_LEVEL = "-Onone";
			};
			name = Debug;
		};
		84577131268518C300DB6638 /* Release */ = {
			isa = XCBuildConfiguration;
			buildSettings = {
				ALWAYS_SEARCH_USER_PATHS = NO;
				CLANG_ANALYZER_NONNULL = YES;
				CLANG_ANALYZER_NUMBER_OBJECT_CONVERSION = YES_AGGRESSIVE;
				CLANG_CXX_LANGUAGE_STANDARD = "gnu++14";
				CLANG_CXX_LIBRARY = "libc++";
				CLANG_ENABLE_MODULES = YES;
				CLANG_ENABLE_OBJC_ARC = YES;
				CLANG_ENABLE_OBJC_WEAK = YES;
				CLANG_WARN_BLOCK_CAPTURE_AUTORELEASING = YES;
				CLANG_WARN_BOOL_CONVERSION = YES;
				CLANG_WARN_COMMA = YES;
				CLANG_WARN_CONSTANT_CONVERSION = YES;
				CLANG_WARN_DEPRECATED_OBJC_IMPLEMENTATIONS = YES;
				CLANG_WARN_DIRECT_OBJC_ISA_USAGE = YES_ERROR;
				CLANG_WARN_DOCUMENTATION_COMMENTS = YES;
				CLANG_WARN_EMPTY_BODY = YES;
				CLANG_WARN_ENUM_CONVERSION = YES;
				CLANG_WARN_INFINITE_RECURSION = YES;
				CLANG_WARN_INT_CONVERSION = YES;
				CLANG_WARN_NON_LITERAL_NULL_CONVERSION = YES;
				CLANG_WARN_OBJC_IMPLICIT_RETAIN_SELF = YES;
				CLANG_WARN_OBJC_LITERAL_CONVERSION = YES;
				CLANG_WARN_OBJC_ROOT_CLASS = YES_ERROR;
				CLANG_WARN_QUOTED_INCLUDE_IN_FRAMEWORK_HEADER = YES;
				CLANG_WARN_RANGE_LOOP_ANALYSIS = YES;
				CLANG_WARN_STRICT_PROTOTYPES = YES;
				CLANG_WARN_SUSPICIOUS_MOVE = YES;
				CLANG_WARN_UNGUARDED_AVAILABILITY = YES_AGGRESSIVE;
				CLANG_WARN_UNREACHABLE_CODE = YES;
				CLANG_WARN__DUPLICATE_METHOD_MATCH = YES;
				COPY_PHASE_STRIP = NO;
				DEBUG_INFORMATION_FORMAT = "dwarf-with-dsym";
				ENABLE_NS_ASSERTIONS = NO;
				ENABLE_STRICT_OBJC_MSGSEND = YES;
				GCC_C_LANGUAGE_STANDARD = gnu11;
				GCC_NO_COMMON_BLOCKS = YES;
				GCC_WARN_64_TO_32_BIT_CONVERSION = YES;
				GCC_WARN_ABOUT_RETURN_TYPE = YES_ERROR;
				GCC_WARN_UNDECLARED_SELECTOR = YES;
				GCC_WARN_UNINITIALIZED_AUTOS = YES_AGGRESSIVE;
				GCC_WARN_UNUSED_FUNCTION = YES;
				GCC_WARN_UNUSED_VARIABLE = YES;
				IPHONEOS_DEPLOYMENT_TARGET = 14.4;
				MTL_ENABLE_DEBUG_INFO = NO;
				MTL_FAST_MATH = YES;
				SDKROOT = iphoneos;
				SWIFT_COMPILATION_MODE = wholemodule;
				SWIFT_OPTIMIZATION_LEVEL = "-O";
				VALIDATE_PRODUCT = YES;
			};
			name = Release;
		};
		84577133268518C300DB6638 /* Debug */ = {
			isa = XCBuildConfiguration;
			buildSettings = {
				ASSETCATALOG_COMPILER_APPICON_NAME = AppIcon;
				ASSETCATALOG_COMPILER_GLOBAL_ACCENT_COLOR_NAME = AccentColor;
				CODE_SIGN_STYLE = Automatic;
				DEVELOPMENT_TEAM = VFN99JAT4F;
				INFOPLIST_FILE = Test_VertageLab/Info.plist;
				LD_RUNPATH_SEARCH_PATHS = (
					"$(inherited)",
					"@executable_path/Frameworks",
				);
				PRODUCT_BUNDLE_IDENTIFIER = "ihor.Test-VertageLab";
				PRODUCT_NAME = "$(TARGET_NAME)";
				SWIFT_VERSION = 5.0;
				TARGETED_DEVICE_FAMILY = "1,2";
			};
			name = Debug;
		};
		84577134268518C300DB6638 /* Release */ = {
			isa = XCBuildConfiguration;
			buildSettings = {
				ASSETCATALOG_COMPILER_APPICON_NAME = AppIcon;
				ASSETCATALOG_COMPILER_GLOBAL_ACCENT_COLOR_NAME = AccentColor;
				CODE_SIGN_STYLE = Automatic;
				DEVELOPMENT_TEAM = VFN99JAT4F;
				INFOPLIST_FILE = Test_VertageLab/Info.plist;
				LD_RUNPATH_SEARCH_PATHS = (
					"$(inherited)",
					"@executable_path/Frameworks",
				);
				PRODUCT_BUNDLE_IDENTIFIER = "ihor.Test-VertageLab";
				PRODUCT_NAME = "$(TARGET_NAME)";
				SWIFT_VERSION = 5.0;
				TARGETED_DEVICE_FAMILY = "1,2";
			};
			name = Release;
		};
/* End XCBuildConfiguration section */

/* Begin XCConfigurationList section */
		84577119268518C000DB6638 /* Build configuration list for PBXProject "Test" */ = {
			isa = XCConfigurationList;
			buildConfigurations = (
				84577130268518C300DB6638 /* Debug */,
				84577131268518C300DB6638 /* Release */,
			);
			defaultConfigurationIsVisible = 0;
			defaultConfigurationName = Release;
		};
		84577132268518C300DB6638 /* Build configuration list for PBXNativeTarget "Test_VertageLab" */ = {
			isa = XCConfigurationList;
			buildConfigurations = (
				84577133268518C300DB6638 /* Debug */,
				84577134268518C300DB6638 /* Release */,
			);
			defaultConfigurationIsVisible = 0;
			defaultConfigurationName = Release;
		};
/* End XCConfigurationList section */
	};
	rootObject = 84577116268518C000DB6638 /* Project object */;
}
