// !$*UTF8*$!
{
	archiveVersion = 1;
	classes = {
	};
	objectVersion = 51;
	objects = {

/* Begin PBXBuildFile section */
		3F0A4C80494480FD94291F74 /* Pods_Test_Surprises.framework in Frameworks */ = {isa = PBXBuildFile; fileRef = 774417F68FA9039462DA1EB8 /* Pods_Test_Surprises.framework */; };
		842BEDF026A3726C00990C83 /* SurpriseCell.swift in Sources */ = {isa = PBXBuildFile; fileRef = 842BEDEF26A3726C00990C83 /* SurpriseCell.swift */; };
		8469E89C269B280D003B269D /* AppDelegate.swift in Sources */ = {isa = PBXBuildFile; fileRef = 8469E89B269B280D003B269D /* AppDelegate.swift */; };
		8469E89E269B280D003B269D /* SceneDelegate.swift in Sources */ = {isa = PBXBuildFile; fileRef = 8469E89D269B280D003B269D /* SceneDelegate.swift */; };
		8469E8A3269B280D003B269D /* Main.storyboard in Resources */ = {isa = PBXBuildFile; fileRef = 8469E8A1269B280D003B269D /* Main.storyboard */; };
		8469E8A5269B2810003B269D /* Assets.xcassets in Resources */ = {isa = PBXBuildFile; fileRef = 8469E8A4269B2810003B269D /* Assets.xcassets */; };
		8469E8A8269B2810003B269D /* LaunchScreen.storyboard in Resources */ = {isa = PBXBuildFile; fileRef = 8469E8A6269B2810003B269D /* LaunchScreen.storyboard */; };
		8469E8B6269B302E003B269D /* MainViewController.swift in Sources */ = {isa = PBXBuildFile; fileRef = 8469E8B5269B302E003B269D /* MainViewController.swift */; };
		8469E8B9269B3064003B269D /* AddNewViewController.swift in Sources */ = {isa = PBXBuildFile; fileRef = 8469E8B8269B3064003B269D /* AddNewViewController.swift */; };
/* End PBXBuildFile section */

/* Begin PBXFileReference section */
		14C3F4D644696D3088E61759 /* Pods-Test_Surprises.release.xcconfig */ = {isa = PBXFileReference; includeInIndex = 1; lastKnownFileType = text.xcconfig; name = "Pods-Test_Surprises.release.xcconfig"; path = "Target Support Files/Pods-Test_Surprises/Pods-Test_Surprises.release.xcconfig"; sourceTree = "<group>"; };
		774417F68FA9039462DA1EB8 /* Pods_Test_Surprises.framework */ = {isa = PBXFileReference; explicitFileType = wrapper.framework; includeInIndex = 0; path = Pods_Test_Surprises.framework; sourceTree = BUILT_PRODUCTS_DIR; };
		7BA8BC7F41A343742970DDDD /* Pods-Test_Surprises.debug.xcconfig */ = {isa = PBXFileReference; includeInIndex = 1; lastKnownFileType = text.xcconfig; name = "Pods-Test_Surprises.debug.xcconfig"; path = "Target Support Files/Pods-Test_Surprises/Pods-Test_Surprises.debug.xcconfig"; sourceTree = "<group>"; };
		842BEDEF26A3726C00990C83 /* SurpriseCell.swift */ = {isa = PBXFileReference; lastKnownFileType = sourcecode.swift; path = SurpriseCell.swift; sourceTree = "<group>"; };
		8469E898269B280D003B269D /* Test_Surprises.app */ = {isa = PBXFileReference; explicitFileType = wrapper.application; includeInIndex = 0; path = Test_Surprises.app; sourceTree = BUILT_PRODUCTS_DIR; };
		8469E89B269B280D003B269D /* AppDelegate.swift */ = {isa = PBXFileReference; lastKnownFileType = sourcecode.swift; path = AppDelegate.swift; sourceTree = "<group>"; };
		8469E89D269B280D003B269D /* SceneDelegate.swift */ = {isa = PBXFileReference; lastKnownFileType = sourcecode.swift; path = SceneDelegate.swift; sourceTree = "<group>"; };
		8469E8A2269B280D003B269D /* Base */ = {isa = PBXFileReference; lastKnownFileType = file.storyboard; name = Base; path = Base.lproj/Main.storyboard; sourceTree = "<group>"; };
		8469E8A4269B2810003B269D /* Assets.xcassets */ = {isa = PBXFileReference; lastKnownFileType = folder.assetcatalog; path = Assets.xcassets; sourceTree = "<group>"; };
		8469E8A7269B2810003B269D /* Base */ = {isa = PBXFileReference; lastKnownFileType = file.storyboard; name = Base; path = Base.lproj/LaunchScreen.storyboard; sourceTree = "<group>"; };
		8469E8A9269B2810003B269D /* Info.plist */ = {isa = PBXFileReference; lastKnownFileType = text.plist.xml; path = Info.plist; sourceTree = "<group>"; };
		8469E8B5269B302E003B269D /* MainViewController.swift */ = {isa = PBXFileReference; lastKnownFileType = sourcecode.swift; path = MainViewController.swift; sourceTree = "<group>"; };
		8469E8B8269B3064003B269D /* AddNewViewController.swift */ = {isa = PBXFileReference; lastKnownFileType = sourcecode.swift; path = AddNewViewController.swift; sourceTree = "<group>"; };
/* End PBXFileReference section */

/* Begin PBXFrameworksBuildPhase section */
		8469E895269B280D003B269D /* Frameworks */ = {
			isa = PBXFrameworksBuildPhase;
			buildActionMask = 2147483647;
			files = (
				3F0A4C80494480FD94291F74 /* Pods_Test_Surprises.framework in Frameworks */,
			);
			runOnlyForDeploymentPostprocessing = 0;
		};
/* End PBXFrameworksBuildPhase section */

/* Begin PBXGroup section */
		728C6CE006D9C72B95835467 /* Frameworks */ = {
			isa = PBXGroup;
			children = (
				774417F68FA9039462DA1EB8 /* Pods_Test_Surprises.framework */,
			);
			name = Frameworks;
			sourceTree = "<group>";
		};
		8469E88F269B280D003B269D = {
			isa = PBXGroup;
			children = (
				8469E89A269B280D003B269D /* Test_Surprises */,
				8469E899269B280D003B269D /* Products */,
				F6DE0CDAA7FF97EFF1DB3DEB /* Pods */,
				728C6CE006D9C72B95835467 /* Frameworks */,
			);
			sourceTree = "<group>";
		};
		8469E899269B280D003B269D /* Products */ = {
			isa = PBXGroup;
			children = (
				8469E898269B280D003B269D /* Test_Surprises.app */,
			);
			name = Products;
			sourceTree = "<group>";
		};
		8469E89A269B280D003B269D /* Test_Surprises */ = {
			isa = PBXGroup;
			children = (
				8469E89B269B280D003B269D /* AppDelegate.swift */,
				8469E89D269B280D003B269D /* SceneDelegate.swift */,
				842BEDEF26A3726C00990C83 /* SurpriseCell.swift */,
				8469E8B5269B302E003B269D /* MainViewController.swift */,
				8469E8B8269B3064003B269D /* AddNewViewController.swift */,
				8469E8A1269B280D003B269D /* Main.storyboard */,
				8469E8A4269B2810003B269D /* Assets.xcassets */,
				8469E8A6269B2810003B269D /* LaunchScreen.storyboard */,
				8469E8A9269B2810003B269D /* Info.plist */,
			);
			path = Test_Surprises;
			sourceTree = "<group>";
		};
		F6DE0CDAA7FF97EFF1DB3DEB /* Pods */ = {
			isa = PBXGroup;
			children = (
				7BA8BC7F41A343742970DDDD /* Pods-Test_Surprises.debug.xcconfig */,
				14C3F4D644696D3088E61759 /* Pods-Test_Surprises.release.xcconfig */,
			);
			path = Pods;
			sourceTree = "<group>";
		};
/* End PBXGroup section */

/* Begin PBXNativeTarget section */
		8469E897269B280D003B269D /* Test_Surprises */ = {
			isa = PBXNativeTarget;
			buildConfigurationList = 8469E8AC269B2810003B269D /* Build configuration list for PBXNativeTarget "Test_Surprises" */;
			buildPhases = (
				DF615F54601BF36B1D315FD6 /* [CP] Check Pods Manifest.lock */,
				8469E894269B280D003B269D /* Sources */,
				8469E895269B280D003B269D /* Frameworks */,
				8469E896269B280D003B269D /* Resources */,
				78571D931FE25826A140E1D6 /* [CP] Embed Pods Frameworks */,
			);
			buildRules = (
			);
			dependencies = (
			);
			name = Test_Surprises;
			productName = Test_Surprises;
			productReference = 8469E898269B280D003B269D /* Test_Surprises.app */;
			productType = "com.apple.product-type.application";
		};
/* End PBXNativeTarget section */

/* Begin PBXProject section */
		8469E890269B280D003B269D /* Project object */ = {
			isa = PBXProject;
			attributes = {
				LastSwiftUpdateCheck = 1240;
				LastUpgradeCheck = 1240;
				TargetAttributes = {
					8469E897269B280D003B269D = {
						CreatedOnToolsVersion = 12.4;
					};
				};
			};
			buildConfigurationList = 8469E893269B280D003B269D /* Build configuration list for PBXProject "Test_Surprises" */;
			compatibilityVersion = "Xcode 9.3";
			developmentRegion = en;
			hasScannedForEncodings = 0;
			knownRegions = (
				en,
				Base,
			);
			mainGroup = 8469E88F269B280D003B269D;
			productRefGroup = 8469E899269B280D003B269D /* Products */;
			projectDirPath = "";
			projectRoot = "";
			targets = (
				8469E897269B280D003B269D /* Test_Surprises */,
			);
		};
/* End PBXProject section */

/* Begin PBXResourcesBuildPhase section */
		8469E896269B280D003B269D /* Resources */ = {
			isa = PBXResourcesBuildPhase;
			buildActionMask = 2147483647;
			files = (
				8469E8A8269B2810003B269D /* LaunchScreen.storyboard in Resources */,
				8469E8A5269B2810003B269D /* Assets.xcassets in Resources */,
				8469E8A3269B280D003B269D /* Main.storyboard in Resources */,
			);
			runOnlyForDeploymentPostprocessing = 0;
		};
/* End PBXResourcesBuildPhase section */

/* Begin PBXShellScriptBuildPhase section */
		78571D931FE25826A140E1D6 /* [CP] Embed Pods Frameworks */ = {
			isa = PBXShellScriptBuildPhase;
			buildActionMask = 2147483647;
			files = (
			);
			inputFileListPaths = (
				"${PODS_ROOT}/Target Support Files/Pods-Test_Surprises/Pods-Test_Surprises-frameworks-${CONFIGURATION}-input-files.xcfilelist",
			);
			name = "[CP] Embed Pods Frameworks";
			outputFileListPaths = (
				"${PODS_ROOT}/Target Support Files/Pods-Test_Surprises/Pods-Test_Surprises-frameworks-${CONFIGURATION}-output-files.xcfilelist",
			);
			runOnlyForDeploymentPostprocessing = 0;
			shellPath = /bin/sh;
			shellScript = "\"${PODS_ROOT}/Target Support Files/Pods-Test_Surprises/Pods-Test_Surprises-frameworks.sh\"\n";
			showEnvVarsInLog = 0;
		};
		DF615F54601BF36B1D315FD6 /* [CP] Check Pods Manifest.lock */ = {
			isa = PBXShellScriptBuildPhase;
			buildActionMask = 2147483647;
			files = (
			);
			inputFileListPaths = (
			);
			inputPaths = (
				"${PODS_PODFILE_DIR_PATH}/Podfile.lock",
				"${PODS_ROOT}/Manifest.lock",
			);
			name = "[CP] Check Pods Manifest.lock";
			outputFileListPaths = (
			);
			outputPaths = (
				"$(DERIVED_FILE_DIR)/Pods-Test_Surprises-checkManifestLockResult.txt",
			);
			runOnlyForDeploymentPostprocessing = 0;
			shellPath = /bin/sh;
			shellScript = "diff \"${PODS_PODFILE_DIR_PATH}/Podfile.lock\" \"${PODS_ROOT}/Manifest.lock\" > /dev/null\nif [ $? != 0 ] ; then\n    # print error to STDERR\n    echo \"error: The sandbox is not in sync with the Podfile.lock. Run 'pod install' or update your CocoaPods installation.\" >&2\n    exit 1\nfi\n# This output is used by Xcode 'outputs' to avoid re-running this script phase.\necho \"SUCCESS\" > \"${SCRIPT_OUTPUT_FILE_0}\"\n";
			showEnvVarsInLog = 0;
		};
/* End PBXShellScriptBuildPhase section */

/* Begin PBXSourcesBuildPhase section */
		8469E894269B280D003B269D /* Sources */ = {
			isa = PBXSourcesBuildPhase;
			buildActionMask = 2147483647;
			files = (
				842BEDF026A3726C00990C83 /* SurpriseCell.swift in Sources */,
				8469E8B9269B3064003B269D /* AddNewViewController.swift in Sources */,
				8469E89C269B280D003B269D /* AppDelegate.swift in Sources */,
				8469E89E269B280D003B269D /* SceneDelegate.swift in Sources */,
				8469E8B6269B302E003B269D /* MainViewController.swift in Sources */,
			);
			runOnlyForDeploymentPostprocessing = 0;
		};
/* End PBXSourcesBuildPhase section */

/* Begin PBXVariantGroup section */
		8469E8A1269B280D003B269D /* Main.storyboard */ = {
			isa = PBXVariantGroup;
			children = (
				8469E8A2269B280D003B269D /* Base */,
			);
			name = Main.storyboard;
			sourceTree = "<group>";
		};
		8469E8A6269B2810003B269D /* LaunchScreen.storyboard */ = {
			isa = PBXVariantGroup;
			children = (
				8469E8A7269B2810003B269D /* Base */,
			);
			name = LaunchScreen.storyboard;
			sourceTree = "<group>";
		};
/* End PBXVariantGroup section */

/* Begin XCBuildConfiguration section */
		8469E8AA269B2810003B269D /* Debug */ = {
			isa = XCBuildConfiguration;
			buildSettings = {
				ALWAYS_SEARCH_USER_PATHS = NO;
				CLANG_ANALYZER_NONNULL = YES;
				CLANG_ANALYZER_NUMBER_OBJECT_CONVERSION = YES_AGGRESSIVE;
				CLANG_CXX_LANGUAGE_STANDARD = "gnu++14";
				CLANG_CXX_LIBRARY = "libc++";
				CLANG_ENABLE_MODULES = YES;
				CLANG_ENABLE_OBJC_ARC = YES;
				CLANG_ENABLE_OBJC_WEAK = YES;
				CLANG_WARN_BLOCK_CAPTURE_AUTORELEASING = YES;
				CLANG_WARN_BOOL_CONVERSION = YES;
				CLANG_WARN_COMMA = YES;
				CLANG_WARN_CONSTANT_CONVERSION = YES;
				CLANG_WARN_DEPRECATED_OBJC_IMPLEMENTATIONS = YES;
				CLANG_WARN_DIRECT_OBJC_ISA_USAGE = YES_ERROR;
				CLANG_WARN_DOCUMENTATION_COMMENTS = YES;
				CLANG_WARN_EMPTY_BODY = YES;
				CLANG_WARN_ENUM_CONVERSION = YES;
				CLANG_WARN_INFINITE_RECURSION = YES;
				CLANG_WARN_INT_CONVERSION = YES;
				CLANG_WARN_NON_LITERAL_NULL_CONVERSION = YES;
				CLANG_WARN_OBJC_IMPLICIT_RETAIN_SELF = YES;
				CLANG_WARN_OBJC_LITERAL_CONVERSION = YES;
				CLANG_WARN_OBJC_ROOT_CLASS = YES_ERROR;
				CLANG_WARN_QUOTED_INCLUDE_IN_FRAMEWORK_HEADER = YES;
				CLANG_WARN_RANGE_LOOP_ANALYSIS = YES;
				CLANG_WARN_STRICT_PROTOTYPES = YES;
				CLANG_WARN_SUSPICIOUS_MOVE = YES;
				CLANG_WARN_UNGUARDED_AVAILABILITY = YES_AGGRESSIVE;
				CLANG_WARN_UNREACHABLE_CODE = YES;
				CLANG_WARN__DUPLICATE_METHOD_MATCH = YES;
				COPY_PHASE_STRIP = NO;
				DEBUG_INFORMATION_FORMAT = dwarf;
				ENABLE_STRICT_OBJC_MSGSEND = YES;
				ENABLE_TESTABILITY = YES;
				GCC_C_LANGUAGE_STANDARD = gnu11;
				GCC_DYNAMIC_NO_PIC = NO;
				GCC_NO_COMMON_BLOCKS = YES;
				GCC_OPTIMIZATION_LEVEL = 0;
				GCC_PREPROCESSOR_DEFINITIONS = (
					"DEBUG=1",
					"$(inherited)",
				);
				GCC_WARN_64_TO_32_BIT_CONVERSION = YES;
				GCC_WARN_ABOUT_RETURN_TYPE = YES_ERROR;
				GCC_WARN_UNDECLARED_SELECTOR = YES;
				GCC_WARN_UNINITIALIZED_AUTOS = YES_AGGRESSIVE;
				GCC_WARN_UNUSED_FUNCTION = YES;
				GCC_WARN_UNUSED_VARIABLE = YES;
				IPHONEOS_DEPLOYMENT_TARGET = 14.4;
				MTL_ENABLE_DEBUG_INFO = INCLUDE_SOURCE;
				MTL_FAST_MATH = YES;
				ONLY_ACTIVE_ARCH = YES;
				SDKROOT = iphoneos;
				SWIFT_ACTIVE_COMPILATION_CONDITIONS = DEBUG;
				SWIFT_OPTIMIZATION_LEVEL = "-Onone";
			};
			name = Debug;
		};
		8469E8AB269B2810003B269D /* Release */ = {
			isa = XCBuildConfiguration;
			buildSettings = {
				ALWAYS_SEARCH_USER_PATHS = NO;
				CLANG_ANALYZER_NONNULL = YES;
				CLANG_ANALYZER_NUMBER_OBJECT_CONVERSION = YES_AGGRESSIVE;
				CLANG_CXX_LANGUAGE_STANDARD = "gnu++14";
				CLANG_CXX_LIBRARY = "libc++";
				CLANG_ENABLE_MODULES = YES;
				CLANG_ENABLE_OBJC_ARC = YES;
				CLANG_ENABLE_OBJC_WEAK = YES;
				CLANG_WARN_BLOCK_CAPTURE_AUTORELEASING = YES;
				CLANG_WARN_BOOL_CONVERSION = YES;
				CLANG_WARN_COMMA = YES;
				CLANG_WARN_CONSTANT_CONVERSION = YES;
				CLANG_WARN_DEPRECATED_OBJC_IMPLEMENTATIONS = YES;
				CLANG_WARN_DIRECT_OBJC_ISA_USAGE = YES_ERROR;
				CLANG_WARN_DOCUMENTATION_COMMENTS = YES;
				CLANG_WARN_EMPTY_BODY = YES;
				CLANG_WARN_ENUM_CONVERSION = YES;
				CLANG_WARN_INFINITE_RECURSION = YES;
				CLANG_WARN_INT_CONVERSION = YES;
				CLANG_WARN_NON_LITERAL_NULL_CONVERSION = YES;
				CLANG_WARN_OBJC_IMPLICIT_RETAIN_SELF = YES;
				CLANG_WARN_OBJC_LITERAL_CONVERSION = YES;
				CLANG_WARN_OBJC_ROOT_CLASS = YES_ERROR;
				CLANG_WARN_QUOTED_INCLUDE_IN_FRAMEWORK_HEADER = YES;
				CLANG_WARN_RANGE_LOOP_ANALYSIS = YES;
				CLANG_WARN_STRICT_PROTOTYPES = YES;
				CLANG_WARN_SUSPICIOUS_MOVE = YES;
				CLANG_WARN_UNGUARDED_AVAILABILITY = YES_AGGRESSIVE;
				CLANG_WARN_UNREACHABLE_CODE = YES;
				CLANG_WARN__DUPLICATE_METHOD_MATCH = YES;
				COPY_PHASE_STRIP = NO;
				DEBUG_INFORMATION_FORMAT = "dwarf-with-dsym";
				ENABLE_NS_ASSERTIONS = NO;
				ENABLE_STRICT_OBJC_MSGSEND = YES;
				GCC_C_LANGUAGE_STANDARD = gnu11;
				GCC_NO_COMMON_BLOCKS = YES;
				GCC_WARN_64_TO_32_BIT_CONVERSION = YES;
				GCC_WARN_ABOUT_RETURN_TYPE = YES_ERROR;
				GCC_WARN_UNDECLARED_SELECTOR = YES;
				GCC_WARN_UNINITIALIZED_AUTOS = YES_AGGRESSIVE;
				GCC_WARN_UNUSED_FUNCTION = YES;
				GCC_WARN_UNUSED_VARIABLE = YES;
				IPHONEOS_DEPLOYMENT_TARGET = 14.4;
				MTL_ENABLE_DEBUG_INFO = NO;
				MTL_FAST_MATH = YES;
				SDKROOT = iphoneos;
				SWIFT_COMPILATION_MODE = wholemodule;
				SWIFT_OPTIMIZATION_LEVEL = "-O";
				VALIDATE_PRODUCT = YES;
			};
			name = Release;
		};
		8469E8AD269B2810003B269D /* Debug */ = {
			isa = XCBuildConfiguration;
			baseConfigurationReference = 7BA8BC7F41A343742970DDDD /* Pods-Test_Surprises.debug.xcconfig */;
			buildSettings = {
				ASSETCATALOG_COMPILER_APPICON_NAME = AppIcon;
				ASSETCATALOG_COMPILER_GLOBAL_ACCENT_COLOR_NAME = AccentColor;
				CODE_SIGN_STYLE = Automatic;
				DEVELOPMENT_TEAM = VFN99JAT4F;
				INFOPLIST_FILE = Test_Surprises/Info.plist;
				LD_RUNPATH_SEARCH_PATHS = (
					"$(inherited)",
					"@executable_path/Frameworks",
				);
				PRODUCT_BUNDLE_IDENTIFIER = "ihor.Test-Surprises";
				PRODUCT_NAME = "$(TARGET_NAME)";
				SWIFT_VERSION = 5.0;
				TARGETED_DEVICE_FAMILY = "1,2";
			};
			name = Debug;
		};
		8469E8AE269B2810003B269D /* Release */ = {
			isa = XCBuildConfiguration;
			baseConfigurationReference = 14C3F4D644696D3088E61759 /* Pods-Test_Surprises.release.xcconfig */;
			buildSettings = {
				ASSETCATALOG_COMPILER_APPICON_NAME = AppIcon;
				ASSETCATALOG_COMPILER_GLOBAL_ACCENT_COLOR_NAME = AccentColor;
				CODE_SIGN_STYLE = Automatic;
				DEVELOPMENT_TEAM = VFN99JAT4F;
				INFOPLIST_FILE = Test_Surprises/Info.plist;
				LD_RUNPATH_SEARCH_PATHS = (
					"$(inherited)",
					"@executable_path/Frameworks",
				);
				PRODUCT_BUNDLE_IDENTIFIER = "ihor.Test-Surprises";
				PRODUCT_NAME = "$(TARGET_NAME)";
				SWIFT_VERSION = 5.0;
				TARGETED_DEVICE_FAMILY = "1,2";
			};
			name = Release;
		};
/* End XCBuildConfiguration section */

/* Begin XCConfigurationList section */
		8469E893269B280D003B269D /* Build configuration list for PBXProject "Test_Surprises" */ = {
			isa = XCConfigurationList;
			buildConfigurations = (
				8469E8AA269B2810003B269D /* Debug */,
				8469E8AB269B2810003B269D /* Release */,
			);
			defaultConfigurationIsVisible = 0;
			defaultConfigurationName = Release;
		};
		8469E8AC269B2810003B269D /* Build configuration list for PBXNativeTarget "Test_Surprises" */ = {
			isa = XCConfigurationList;
			buildConfigurations = (
				8469E8AD269B2810003B269D /* Debug */,
				8469E8AE269B2810003B269D /* Release */,
			);
			defaultConfigurationIsVisible = 0;
			defaultConfigurationName = Release;
		};
/* End XCConfigurationList section */
	};
	rootObject = 8469E890269B280D003B269D /* Project object */;
}
